
Microsoft Visual Studio Solution File, Format Version 12.00
# Visual Studio 15
VisualStudioVersion = 15.0.26124.0
MinimumVisualStudioVersion = 15.0.26124.0
Project("{2150E333-8FDC-42A3-9474-1A3956D46DE8}") = "src", "src", "{E5F290F1-0327-4BE8-914F-822F2F3937D8}"
EndProject
Project("{FAE04EC0-301F-11D3-BF4B-00C04F79EFBC}") = "IdentityServer", "src\IdentityServer\IdentityServer.csproj", "{24A8FB19-50AA-42F0-AD97-76D97FE1A677}"
EndProject
Project("{FAE04EC0-301F-11D3-BF4B-00C04F79EFBC}") = "Api", "src\Api\Api.csproj", "{8F8319FE-28A1-4B5B-9432-EE4D0D818192}"
EndProject
Project("{FAE04EC0-301F-11D3-BF4B-00C04F79EFBC}") = "Client", "src\Client\Client.csproj", "{41F5023C-F5E4-402E-94DA-79C2DD788B28}"
EndProject
Project("{FAE04EC0-301F-11D3-BF4B-00C04F79EFBC}") = "MvcClient", "src\MvcClient\MvcClient.csproj", "{8CD76567-6E9E-459F-8FDB-08F9F3CB9BD6}"
EndProject
Global
	GlobalSection(SolutionConfigurationPlatforms) = preSolution
		Debug|Any CPU = Debug|Any CPU
		Debug|x64 = Debug|x64
		Debug|x86 = Debug|x86
		Release|Any CPU = Release|Any CPU
		Release|x64 = Release|x64
		Release|x86 = Release|x86
	EndGlobalSection
	GlobalSection(SolutionProperties) = preSolution
		HideSolutionNode = FALSE
	EndGlobalSection
	GlobalSection(ProjectConfigurationPlatforms) = postSolution
		{24A8FB19-50AA-42F0-AD97-76D97FE1A677}.Debug|Any CPU.ActiveCfg = Debug|Any CPU
		{24A8FB19-50AA-42F0-AD97-76D97FE1A677}.Debug|Any CPU.Build.0 = Debug|Any CPU
		{24A8FB19-50AA-42F0-AD97-76D97FE1A677}.Debug|x64.ActiveCfg = Debug|Any CPU
		{24A8FB19-50AA-42F0-AD97-76D97FE1A677}.Debug|x64.Build.0 = Debug|Any CPU
		{24A8FB19-50AA-42F0-AD97-76D97FE1A677}.Debug|x86.ActiveCfg = Debug|Any CPU
		{24A8FB19-50AA-42F0-AD97-76D97FE1A677}.Debug|x86.Build.0 = Debug|Any CPU
		{24A8FB19-50AA-42F0-AD97-76D97FE1A677}.Release|Any CPU.ActiveCfg = Release|Any CPU
		{24A8FB19-50AA-42F0-AD97-76D97FE1A677}.Release|Any CPU.Build.0 = Release|Any CPU
		{24A8FB19-50AA-42F0-AD97-76D97FE1A677}.Release|x64.ActiveCfg = Release|Any CPU
		{24A8FB19-50AA-42F0-AD97-76D97FE1A677}.Release|x64.Build.0 = Release|Any CPU
		{24A8FB19-50AA-42F0-AD97-76D97FE1A677}.Release|x86.ActiveCfg = Release|Any CPU
		{24A8FB19-50AA-42F0-AD97-76D97FE1A677}.Release|x86.Build.0 = Release|Any CPU
		{8F8319FE-28A1-4B5B-9432-EE4D0D818192}.Debug|Any CPU.ActiveCfg = Debug|Any CPU
		{8F8319FE-28A1-4B5B-9432-EE4D0D818192}.Debug|Any CPU.Build.0 = Debug|Any CPU
		{8F8319FE-28A1-4B5B-9432-EE4D0D818192}.Debug|x64.ActiveCfg = Debug|Any CPU
		{8F8319FE-28A1-4B5B-9432-EE4D0D818192}.Debug|x64.Build.0 = Debug|Any CPU
		{8F8319FE-28A1-4B5B-9432-EE4D0D818192}.Debug|x86.ActiveCfg = Debug|Any CPU
		{8F8319FE-28A1-4B5B-9432-EE4D0D818192}.Debug|x86.Build.0 = Debug|Any CPU
		{8F8319FE-28A1-4B5B-9432-EE4D0D818192}.Release|Any CPU.ActiveCfg = Release|Any CPU
		{8F8319FE-28A1-4B5B-9432-EE4D0D818192}.Release|Any CPU.Build.0 = Release|Any CPU
		{8F8319FE-28A1-4B5B-9432-EE4D0D818192}.Release|x64.ActiveCfg = Release|Any CPU
		{8F8319FE-28A1-4B5B-9432-EE4D0D818192}.Release|x64.Build.0 = Release|Any CPU
		{8F8319FE-28A1-4B5B-9432-EE4D0D818192}.Release|x86.ActiveCfg = Release|Any CPU
		{8F8319FE-28A1-4B5B-9432-EE4D0D818192}.Release|x86.Build.0 = Release|Any CPU
		{41F5023C-F5E4-402E-94DA-79C2DD788B28}.Debug|Any CPU.ActiveCfg = Debug|Any CPU
		{41F5023C-F5E4-402E-94DA-79C2DD788B28}.Debug|Any CPU.Build.0 = Debug|Any CPU
		{41F5023C-F5E4-402E-94DA-79C2DD788B28}.Debug|x64.ActiveCfg = Debug|Any CPU
		{41F5023C-F5E4-402E-94DA-79C2DD788B28}.Debug|x64.Build.0 = Debug|Any CPU
		{41F5023C-F5E4-402E-94DA-79C2DD788B28}.Debug|x86.ActiveCfg = Debug|Any CPU
		{41F5023C-F5E4-402E-94DA-79C2DD788B28}.Debug|x86.Build.0 = Debug|Any CPU
		{41F5023C-F5E4-402E-94DA-79C2DD788B28}.Release|Any CPU.ActiveCfg = Release|Any CPU
		{41F5023C-F5E4-402E-94DA-79C2DD788B28}.Release|Any CPU.Build.0 = Release|Any CPU
		{41F5023C-F5E4-402E-94DA-79C2DD788B28}.Release|x64.ActiveCfg = Release|Any CPU
		{41F5023C-F5E4-402E-94DA-79C2DD788B28}.Release|x64.Build.0 = Release|Any CPU
		{41F5023C-F5E4-402E-94DA-79C2DD788B28}.Release|x86.ActiveCfg = Release|Any CPU
		{41F5023C-F5E4-402E-94DA-79C2DD788B28}.Release|x86.Build.0 = Release|Any CPU
		{8CD76567-6E9E-459F-8FDB-08F9F3CB9BD6}.Debug|Any CPU.ActiveCfg = Debug|Any CPU
		{8CD76567-6E9E-459F-8FDB-08F9F3CB9BD6}.Debug|Any CPU.Build.0 = Debug|Any CPU
		{8CD76567-6E9E-459F-8FDB-08F9F3CB9BD6}.Debug|x64.ActiveCfg = Debug|Any CPU
		{8CD76567-6E9E-459F-8FDB-08F9F3CB9BD6}.Debug|x64.Build.0 = Debug|Any CPU
		{8CD76567-6E9E-459F-8FDB-08F9F3CB9BD6}.Debug|x86.ActiveCfg = Debug|Any CPU
		{8CD76567-6E9E-459F-8FDB-08F9F3CB9BD6}.Debug|x86.Build.0 = Debug|Any CPU
		{8CD76567-6E9E-459F-8FDB-08F9F3CB9BD6}.Release|Any CPU.ActiveCfg = Release|Any CPU
		{8CD76567-6E9E-459F-8FDB-08F9F3CB9BD6}.Release|Any CPU.Build.0 = Release|Any CPU
		{8CD76567-6E9E-459F-8FDB-08F9F3CB9BD6}.Release|x64.ActiveCfg = Release|Any CPU
		{8CD76567-6E9E-459F-8FDB-08F9F3CB9BD6}.Release|x64.Build.0 = Release|Any CPU
		{8CD76567-6E9E-459F-8FDB-08F9F3CB9BD6}.Release|x86.ActiveCfg = Release|Any CPU
		{8CD76567-6E9E-459F-8FDB-08F9F3CB9BD6}.Release|x86.Build.0 = Release|Any CPU
	EndGlobalSection
	GlobalSection(NestedProjects) = preSolution
		{24A8FB19-50AA-42F0-AD97-76D97FE1A677} = {E5F290F1-0327-4BE8-914F-822F2F3937D8}
		{8F8319FE-28A1-4B5B-9432-EE4D0D818192} = {E5F290F1-0327-4BE8-914F-822F2F3937D8}
		{41F5023C-F5E4-402E-94DA-79C2DD788B28} = {E5F290F1-0327-4BE8-914F-822F2F3937D8}
		{8CD76567-6E9E-459F-8FDB-08F9F3CB9BD6} = {E5F290F1-0327-4BE8-914F-822F2F3937D8}
	EndGlobalSection
EndGlobal
